
Microsoft Visual Studio Solution File, Format Version 12.00
# Visual Studio Version 18
VisualStudioVersion = 18.1.11304.174
MinimumVisualStudioVersion = 10.0.40219.1
Project("{FAE04EC0-301F-11D3-BF4B-00C04F79EFBC}") = "StockMasterCore", "StockMasterCore\StockMasterCore.csproj", "{B7287ED8-2EB8-45C5-87EB-F9337188E3A9}"
EndProject
Project("{FAE04EC0-301F-11D3-BF4B-00C04F79EFBC}") = "WarehouseApp", "WarehouseSystem\WarehouseApp.csproj", "{41B3C044-D61F-4F42-B8A5-C414280BE2F4}"
EndProject
Global
	GlobalSection(SolutionConfigurationPlatforms) = preSolution
		Debug|Any CPU = Debug|Any CPU
		Release|Any CPU = Release|Any CPU
	EndGlobalSection
	GlobalSection(ProjectConfigurationPlatforms) = postSolution
		{B7287ED8-2EB8-45C5-87EB-F9337188E3A9}.Debug|Any CPU.ActiveCfg = Debug|Any CPU
		{B7287ED8-2EB8-45C5-87EB-F9337188E3A9}.Debug|Any CPU.Build.0 = Debug|Any CPU
		{B7287ED8-2EB8-45C5-87EB-F9337188E3A9}.Release|Any CPU.ActiveCfg = Release|Any CPU
		{B7287ED8-2EB8-45C5-87EB-F9337188E3A9}.Release|Any CPU.Build.0 = Release|Any CPU
		{41B3C044-D61F-4F42-B8A5-C414280BE2F4}.Debug|Any CPU.ActiveCfg = Debug|Any CPU
		{41B3C044-D61F-4F42-B8A5-C414280BE2F4}.Debug|Any CPU.Build.0 = Debug|Any CPU
		{41B3C044-D61F-4F42-B8A5-C414280BE2F4}.Release|Any CPU.ActiveCfg = Release|Any CPU
		{41B3C044-D61F-4F42-B8A5-C414280BE2F4}.Release|Any CPU.Build.0 = Release|Any CPU
	EndGlobalSection
	GlobalSection(SolutionProperties) = preSolution
		HideSolutionNode = FALSE
	EndGlobalSection
	GlobalSection(ExtensibilityGlobals) = postSolution
		SolutionGuid = {F0D7EA9C-740A-408F-9CCC-E8171A6D0E21}
	EndGlobalSection
EndGlobal
